
Microsoft Visual Studio Solution File, Format Version 12.00
# Visual Studio Version 17
VisualStudioVersion = 17.5.33530.505
MinimumVisualStudioVersion = 10.0.40219.1
Project("{FAE04EC0-301F-11D3-BF4B-00C04F79EFBC}") = "WCFPW4", "WCFPW4\WCFPW4.csproj", "{422EB8A8-20E2-4D3E-B11A-091C54304D2F}"
EndProject
Project("{FAE04EC0-301F-11D3-BF4B-00C04F79EFBC}") = "WebApplication1", "WebApplication1\WebApplication1.csproj", "{6D1EBB4C-5765-4B0F-959D-7DFCF9665AE2}"
	ProjectSection(ProjectDependencies) = postProject
		{422EB8A8-20E2-4D3E-B11A-091C54304D2F} = {422EB8A8-20E2-4D3E-B11A-091C54304D2F}
	EndProjectSection
EndProject
Global
	GlobalSection(SolutionConfigurationPlatforms) = preSolution
		Debug|Any CPU = Debug|Any CPU
		Release|Any CPU = Release|Any CPU
	EndGlobalSection
	GlobalSection(ProjectConfigurationPlatforms) = postSolution
		{422EB8A8-20E2-4D3E-B11A-091C54304D2F}.Debug|Any CPU.ActiveCfg = Debug|Any CPU
		{422EB8A8-20E2-4D3E-B11A-091C54304D2F}.Debug|Any CPU.Build.0 = Debug|Any CPU
		{422EB8A8-20E2-4D3E-B11A-091C54304D2F}.Release|Any CPU.ActiveCfg = Release|Any CPU
		{422EB8A8-20E2-4D3E-B11A-091C54304D2F}.Release|Any CPU.Build.0 = Release|Any CPU
		{6D1EBB4C-5765-4B0F-959D-7DFCF9665AE2}.Debug|Any CPU.ActiveCfg = Debug|Any CPU
		{6D1EBB4C-5765-4B0F-959D-7DFCF9665AE2}.Debug|Any CPU.Build.0 = Debug|Any CPU
		{6D1EBB4C-5765-4B0F-959D-7DFCF9665AE2}.Release|Any CPU.ActiveCfg = Release|Any CPU
		{6D1EBB4C-5765-4B0F-959D-7DFCF9665AE2}.Release|Any CPU.Build.0 = Release|Any CPU
	EndGlobalSection
	GlobalSection(SolutionProperties) = preSolution
		HideSolutionNode = FALSE
	EndGlobalSection
	GlobalSection(ExtensibilityGlobals) = postSolution
		SolutionGuid = {286A3D90-3CC8-4849-9414-667BDF85193F}
	EndGlobalSection
EndGlobal
